
Microsoft Visual Studio Solution File, Format Version 12.00
# Visual Studio Version 17
VisualStudioVersion = 17.5.002.0
MinimumVisualStudioVersion = 10.0.40219.1
Project("{9A19103F-16F7-4668-BE54-9A1E7A4F7556}") = "Web", "Web\Web.csproj", "{7AB7AAF7-2B05-4E04-99E3-011852AC614B}"
EndProject
Project("{FAE04EC0-301F-11D3-BF4B-00C04F79EFBC}") = "Domain", "Domain\Domain.csproj", "{9AFC4FDC-E93F-472F-AC59-4947FCBB4D60}"
EndProject
Project("{FAE04EC0-301F-11D3-BF4B-00C04F79EFBC}") = "Application", "Application\Application.csproj", "{C11A6D3A-D048-48D8-95A1-F6660FF68A22}"
EndProject
Project("{FAE04EC0-301F-11D3-BF4B-00C04F79EFBC}") = "Infrastructure", "Infrastructure\Infrastructure.csproj", "{008439C1-D11D-4943-A1B2-57BA82C8264E}"
EndProject
Global
	GlobalSection(SolutionConfigurationPlatforms) = preSolution
		Debug|Any CPU = Debug|Any CPU
		Release|Any CPU = Release|Any CPU
	EndGlobalSection
	GlobalSection(ProjectConfigurationPlatforms) = postSolution
		{7AB7AAF7-2B05-4E04-99E3-011852AC614B}.Debug|Any CPU.ActiveCfg = Debug|Any CPU
		{7AB7AAF7-2B05-4E04-99E3-011852AC614B}.Debug|Any CPU.Build.0 = Debug|Any CPU
		{7AB7AAF7-2B05-4E04-99E3-011852AC614B}.Release|Any CPU.ActiveCfg = Release|Any CPU
		{7AB7AAF7-2B05-4E04-99E3-011852AC614B}.Release|Any CPU.Build.0 = Release|Any CPU
		{9AFC4FDC-E93F-472F-AC59-4947FCBB4D60}.Debug|Any CPU.ActiveCfg = Debug|Any CPU
		{9AFC4FDC-E93F-472F-AC59-4947FCBB4D60}.Debug|Any CPU.Build.0 = Debug|Any CPU
		{9AFC4FDC-E93F-472F-AC59-4947FCBB4D60}.Release|Any CPU.ActiveCfg = Release|Any CPU
		{9AFC4FDC-E93F-472F-AC59-4947FCBB4D60}.Release|Any CPU.Build.0 = Release|Any CPU
		{C11A6D3A-D048-48D8-95A1-F6660FF68A22}.Debug|Any CPU.ActiveCfg = Debug|Any CPU
		{C11A6D3A-D048-48D8-95A1-F6660FF68A22}.Debug|Any CPU.Build.0 = Debug|Any CPU
		{C11A6D3A-D048-48D8-95A1-F6660FF68A22}.Release|Any CPU.ActiveCfg = Release|Any CPU
		{C11A6D3A-D048-48D8-95A1-F6660FF68A22}.Release|Any CPU.Build.0 = Release|Any CPU
		{008439C1-D11D-4943-A1B2-57BA82C8264E}.Debug|Any CPU.ActiveCfg = Debug|Any CPU
		{008439C1-D11D-4943-A1B2-57BA82C8264E}.Debug|Any CPU.Build.0 = Debug|Any CPU
		{008439C1-D11D-4943-A1B2-57BA82C8264E}.Release|Any CPU.ActiveCfg = Release|Any CPU
		{008439C1-D11D-4943-A1B2-57BA82C8264E}.Release|Any CPU.Build.0 = Release|Any CPU
		{A148C5DA-863E-4482-9766-3D2AC1E55BE8}.Debug|Any CPU.ActiveCfg = Debug|Any CPU
		{A148C5DA-863E-4482-9766-3D2AC1E55BE8}.Debug|Any CPU.Build.0 = Debug|Any CPU
		{A148C5DA-863E-4482-9766-3D2AC1E55BE8}.Release|Any CPU.ActiveCfg = Release|Any CPU
		{A148C5DA-863E-4482-9766-3D2AC1E55BE8}.Release|Any CPU.Build.0 = Release|Any CPU
	EndGlobalSection
	GlobalSection(SolutionProperties) = preSolution
		HideSolutionNode = FALSE
	EndGlobalSection
	GlobalSection(ExtensibilityGlobals) = postSolution
		SolutionGuid = {53687406-8078-4A9F-9F70-7A6E68B143A3}
	EndGlobalSection
EndGlobal
